
Microsoft Visual Studio Solution File, Format Version 12.00
# Visual Studio Version 16
VisualStudioVersion = 16.0.30114.105
MinimumVisualStudioVersion = 10.0.40219.1
Project("{FAE04EC0-301F-11D3-BF4B-00C04F79EFBC}") = "Web", "Web\Web.csproj", "{F7398991-6E24-4D71-A0CC-C99C43E7CCA3}"
EndProject
Project("{FAE04EC0-301F-11D3-BF4B-00C04F79EFBC}") = "Core", "Core\Core.csproj", "{E942A398-57CF-4D12-BD3F-0C872521CF57}"
EndProject
Project("{FAE04EC0-301F-11D3-BF4B-00C04F79EFBC}") = "Infrastructure", "Infrastructure\Infrastructure.csproj", "{51D8A847-C458-46DA-BDCF-BA80DF65CB02}"
EndProject
Global
	GlobalSection(SolutionConfigurationPlatforms) = preSolution
		Debug|Any CPU = Debug|Any CPU
		Release|Any CPU = Release|Any CPU
	EndGlobalSection
	GlobalSection(ProjectConfigurationPlatforms) = postSolution
		{F7398991-6E24-4D71-A0CC-C99C43E7CCA3}.Debug|Any CPU.ActiveCfg = Debug|Any CPU
		{F7398991-6E24-4D71-A0CC-C99C43E7CCA3}.Debug|Any CPU.Build.0 = Debug|Any CPU
		{F7398991-6E24-4D71-A0CC-C99C43E7CCA3}.Release|Any CPU.ActiveCfg = Release|Any CPU
		{F7398991-6E24-4D71-A0CC-C99C43E7CCA3}.Release|Any CPU.Build.0 = Release|Any CPU
		{E942A398-57CF-4D12-BD3F-0C872521CF57}.Debug|Any CPU.ActiveCfg = Debug|Any CPU
		{E942A398-57CF-4D12-BD3F-0C872521CF57}.Debug|Any CPU.Build.0 = Debug|Any CPU
		{E942A398-57CF-4D12-BD3F-0C872521CF57}.Release|Any CPU.ActiveCfg = Release|Any CPU
		{E942A398-57CF-4D12-BD3F-0C872521CF57}.Release|Any CPU.Build.0 = Release|Any CPU
		{51D8A847-C458-46DA-BDCF-BA80DF65CB02}.Debug|Any CPU.ActiveCfg = Debug|Any CPU
		{51D8A847-C458-46DA-BDCF-BA80DF65CB02}.Debug|Any CPU.Build.0 = Debug|Any CPU
		{51D8A847-C458-46DA-BDCF-BA80DF65CB02}.Release|Any CPU.ActiveCfg = Release|Any CPU
		{51D8A847-C458-46DA-BDCF-BA80DF65CB02}.Release|Any CPU.Build.0 = Release|Any CPU
	EndGlobalSection
	GlobalSection(SolutionProperties) = preSolution
		HideSolutionNode = FALSE
	EndGlobalSection
	GlobalSection(ExtensibilityGlobals) = postSolution
		SolutionGuid = {979131D4-ED16-4792-ACBC-6384D07A92D9}
	EndGlobalSection
EndGlobal
